// !$*UTF8*$!
{
	archiveVersion = 1;
	classes = {
	};
	objectVersion = 77;
	objects = {

/* Begin PBXContainerItemProxy section */
		01D0DE002D10D394006C4845 /* PBXContainerItemProxy */ = {
			isa = PBXContainerItemProxy;
			containerPortal = 01D0DDE72D10D393006C4845 /* Project object */;
			proxyType = 1;
			remoteGlobalIDString = 01D0DDEE2D10D393006C4845;
			remoteInfo = Trainigsplan;
		};
		01D0DE0A2D10D395006C4845 /* PBXContainerItemProxy */ = {
			isa = PBXContainerItemProxy;
			containerPortal = 01D0DDE72D10D393006C4845 /* Project object */;
			proxyType = 1;
			remoteGlobalIDString = 01D0DDEE2D10D393006C4845;
			remoteInfo = Trainigsplan;
		};
/* End PBXContainerItemProxy section */

/* Begin PBXFileReference section */
		01D0DDEF2D10D393006C4845 /* Trainigsplan.app */ = {isa = PBXFileReference; explicitFileType = wrapper.application; includeInIndex = 0; path = Trainigsplan.app; sourceTree = BUILT_PRODUCTS_DIR; };
		01D0DDFF2D10D394006C4845 /* TrainigsplanTests.xctest */ = {isa = PBXFileReference; explicitFileType = wrapper.cfbundle; includeInIndex = 0; path = TrainigsplanTests.xctest; sourceTree = BUILT_PRODUCTS_DIR; };
		01D0DE092D10D395006C4845 /* TrainigsplanUITests.xctest */ = {isa = PBXFileReference; explicitFileType = wrapper.cfbundle; includeInIndex = 0; path = TrainigsplanUITests.xctest; sourceTree = BUILT_PRODUCTS_DIR; };
/* End PBXFileReference section */

/* Begin PBXFileSystemSynchronizedRootGroup section */
		01D0DDF12D10D393006C4845 /* Trainigsplan */ = {
			isa = PBXFileSystemSynchronizedRootGroup;
			path = Trainigsplan;
			sourceTree = "<group>";
		};
		01D0DE022D10D394006C4845 /* TrainigsplanTests */ = {
			isa = PBXFileSystemSynchronizedRootGroup;
			path = TrainigsplanTests;
			sourceTree = "<group>";
		};
		01D0DE0C2D10D395006C4845 /* TrainigsplanUITests */ = {
			isa = PBXFileSystemSynchronizedRootGroup;
			path = TrainigsplanUITests;
			sourceTree = "<group>";
		};
/* End PBXFileSystemSynchronizedRootGroup section */

/* Begin PBXFrameworksBuildPhase section */
		01D0DDEC2D10D393006C4845 /* Frameworks */ = {
			isa = PBXFrameworksBuildPhase;
			buildActionMask = 2147483647;
			files = (
			);
			runOnlyForDeploymentPostprocessing = 0;
		};
		01D0DDFC2D10D394006C4845 /* Frameworks */ = {
			isa = PBXFrameworksBuildPhase;
			buildActionMask = 2147483647;
			files = (
			);
			runOnlyForDeploymentPostprocessing = 0;
		};
		01D0DE062D10D395006C4845 /* Frameworks */ = {
			isa = PBXFrameworksBuildPhase;
			buildActionMask = 2147483647;
			files = (
			);
			runOnlyForDeploymentPostprocessing = 0;
		};
/* End PBXFrameworksBuildPhase section */

/* Begin PBXGroup section */
		01D0DDE62D10D393006C4845 = {
			isa = PBXGroup;
			children = (
				01D0DDF12D10D393006C4845 /* Trainigsplan */,
				01D0DE022D10D394006C4845 /* TrainigsplanTests */,
				01D0DE0C2D10D395006C4845 /* TrainigsplanUITests */,
				01D0DDF02D10D393006C4845 /* Products */,
			);
			sourceTree = "<group>";
		};
		01D0DDF02D10D393006C4845 /* Products */ = {
			isa = PBXGroup;
			children = (
				01D0DDEF2D10D393006C4845 /* Trainigsplan.app */,
				01D0DDFF2D10D394006C4845 /* TrainigsplanTests.xctest */,
				01D0DE092D10D395006C4845 /* TrainigsplanUITests.xctest */,
			);
			name = Products;
			sourceTree = "<group>";
		};
/* End PBXGroup section */

/* Begin PBXNativeTarget section */
		01D0DDEE2D10D393006C4845 /* Trainigsplan */ = {
			isa = PBXNativeTarget;
			buildConfigurationList = 01D0DE132D10D395006C4845 /* Build configuration list for PBXNativeTarget "Trainigsplan" */;
			buildPhases = (
				01D0DDEB2D10D393006C4845 /* Sources */,
				01D0DDEC2D10D393006C4845 /* Frameworks */,
				01D0DDED2D10D393006C4845 /* Resources */,
			);
			buildRules = (
			);
			dependencies = (
			);
			fileSystemSynchronizedGroups = (
				01D0DDF12D10D393006C4845 /* Trainigsplan */,
			);
			name = Trainigsplan;
			packageProductDependencies = (
			);
			productName = Trainigsplan;
			productReference = 01D0DDEF2D10D393006C4845 /* Trainigsplan.app */;
			productType = "com.apple.product-type.application";
		};
		01D0DDFE2D10D394006C4845 /* TrainigsplanTests */ = {
			isa = PBXNativeTarget;
			buildConfigurationList = 01D0DE162D10D395006C4845 /* Build configuration list for PBXNativeTarget "TrainigsplanTests" */;
			buildPhases = (
				01D0DDFB2D10D394006C4845 /* Sources */,
				01D0DDFC2D10D394006C4845 /* Frameworks */,
				01D0DDFD2D10D394006C4845 /* Resources */,
			);
			buildRules = (
			);
			dependencies = (
				01D0DE012D10D394006C4845 /* PBXTargetDependency */,
			);
			fileSystemSynchronizedGroups = (
				01D0DE022D10D394006C4845 /* TrainigsplanTests */,
			);
			name = TrainigsplanTests;
			packageProductDependencies = (
			);
			productName = TrainigsplanTests;
			productReference = 01D0DDFF2D10D394006C4845 /* TrainigsplanTests.xctest */;
			productType = "com.apple.product-type.bundle.unit-test";
		};
		01D0DE082D10D395006C4845 /* TrainigsplanUITests */ = {
			isa = PBXNativeTarget;
			buildConfigurationList = 01D0DE192D10D395006C4845 /* Build configuration list for PBXNativeTarget "TrainigsplanUITests" */;
			buildPhases = (
				01D0DE052D10D395006C4845 /* Sources */,
				01D0DE062D10D395006C4845 /* Frameworks */,
				01D0DE072D10D395006C4845 /* Resources */,
			);
			buildRules = (
			);
			dependencies = (
				01D0DE0B2D10D395006C4845 /* PBXTargetDependency */,
			);
			fileSystemSynchronizedGroups = (
				01D0DE0C2D10D395006C4845 /* TrainigsplanUITests */,
			);
			name = TrainigsplanUITests;
			packageProductDependencies = (
			);
			productName = TrainigsplanUITests;
			productReference = 01D0DE092D10D395006C4845 /* TrainigsplanUITests.xctest */;
			productType = "com.apple.product-type.bundle.ui-testing";
		};
/* End PBXNativeTarget section */

/* Begin PBXProject section */
		01D0DDE72D10D393006C4845 /* Project object */ = {
			isa = PBXProject;
			attributes = {
				BuildIndependentTargetsInParallel = 1;
				LastSwiftUpdateCheck = 1620;
				LastUpgradeCheck = 1620;
				TargetAttributes = {
					01D0DDEE2D10D393006C4845 = {
						CreatedOnToolsVersion = 16.2;
					};
					01D0DDFE2D10D394006C4845 = {
						CreatedOnToolsVersion = 16.2;
						TestTargetID = 01D0DDEE2D10D393006C4845;
					};
					01D0DE082D10D395006C4845 = {
						CreatedOnToolsVersion = 16.2;
						TestTargetID = 01D0DDEE2D10D393006C4845;
					};
				};
			};
			buildConfigurationList = 01D0DDEA2D10D393006C4845 /* Build configuration list for PBXProject "Trainigsplan" */;
			developmentRegion = en;
			hasScannedForEncodings = 0;
			knownRegions = (
				en,
				Base,
			);
			mainGroup = 01D0DDE62D10D393006C4845;
			minimizedProjectReferenceProxies = 1;
			preferredProjectObjectVersion = 77;
			productRefGroup = 01D0DDF02D10D393006C4845 /* Products */;
			projectDirPath = "";
			projectRoot = "";
			targets = (
				01D0DDEE2D10D393006C4845 /* Trainigsplan */,
				01D0DDFE2D10D394006C4845 /* TrainigsplanTests */,
				01D0DE082D10D395006C4845 /* TrainigsplanUITests */,
			);
		};
/* End PBXProject section */

/* Begin PBXResourcesBuildPhase section */
		01D0DDED2D10D393006C4845 /* Resources */ = {
			isa = PBXResourcesBuildPhase;
			buildActionMask = 2147483647;
			files = (
			);
			runOnlyForDeploymentPostprocessing = 0;
		};
		01D0DDFD2D10D394006C4845 /* Resources */ = {
			isa = PBXResourcesBuildPhase;
			buildActionMask = 2147483647;
			files = (
			);
			runOnlyForDeploymentPostprocessing = 0;
		};
		01D0DE072D10D395006C4845 /* Resources */ = {
			isa = PBXResourcesBuildPhase;
			buildActionMask = 2147483647;
			files = (
			);
			runOnlyForDeploymentPostprocessing = 0;
		};
/* End PBXResourcesBuildPhase section */

/* Begin PBXSourcesBuildPhase section */
		01D0DDEB2D10D393006C4845 /* Sources */ = {
			isa = PBXSourcesBuildPhase;
			buildActionMask = 2147483647;
			files = (
			);
			runOnlyForDeploymentPostprocessing = 0;
		};
		01D0DDFB2D10D394006C4845 /* Sources */ = {
			isa = PBXSourcesBuildPhase;
			buildActionMask = 2147483647;
			files = (
			);
			runOnlyForDeploymentPostprocessing = 0;
		};
		01D0DE052D10D395006C4845 /* Sources */ = {
			isa = PBXSourcesBuildPhase;
			buildActionMask = 2147483647;
			files = (
			);
			runOnlyForDeploymentPostprocessing = 0;
		};
/* End PBXSourcesBuildPhase section */

/* Begin PBXTargetDependency section */
		01D0DE012D10D394006C4845 /* PBXTargetDependency */ = {
			isa = PBXTargetDependency;
			target = 01D0DDEE2D10D393006C4845 /* Trainigsplan */;
			targetProxy = 01D0DE002D10D394006C4845 /* PBXContainerItemProxy */;
		};
		01D0DE0B2D10D395006C4845 /* PBXTargetDependency */ = {
			isa = PBXTargetDependency;
			target = 01D0DDEE2D10D393006C4845 /* Trainigsplan */;
			targetProxy = 01D0DE0A2D10D395006C4845 /* PBXContainerItemProxy */;
		};
/* End PBXTargetDependency section */

/* Begin XCBuildConfiguration section */
		01D0DE112D10D395006C4845 /* Debug */ = {
			isa = XCBuildConfiguration;
			buildSettings = {
				ALWAYS_SEARCH_USER_PATHS = NO;
				ASSETCATALOG_COMPILER_GENERATE_SWIFT_ASSET_SYMBOL_EXTENSIONS = YES;
				CLANG_ANALYZER_NONNULL = YES;
				CLANG_ANALYZER_NUMBER_OBJECT_CONVERSION = YES_AGGRESSIVE;
				CLANG_CXX_LANGUAGE_STANDARD = "gnu++20";
				CLANG_ENABLE_MODULES = YES;
				CLANG_ENABLE_OBJC_ARC = YES;
				CLANG_ENABLE_OBJC_WEAK = YES;
				CLANG_WARN_BLOCK_CAPTURE_AUTORELEASING = YES;
				CLANG_WARN_BOOL_CONVERSION = YES;
				CLANG_WARN_COMMA = YES;
				CLANG_WARN_CONSTANT_CONVERSION = YES;
				CLANG_WARN_DEPRECATED_OBJC_IMPLEMENTATIONS = YES;
				CLANG_WARN_DIRECT_OBJC_ISA_USAGE = YES_ERROR;
				CLANG_WARN_DOCUMENTATION_COMMENTS = YES;
				CLANG_WARN_EMPTY_BODY = YES;
				CLANG_WARN_ENUM_CONVERSION = YES;
				CLANG_WARN_INFINITE_RECURSION = YES;
				CLANG_WARN_INT_CONVERSION = YES;
				CLANG_WARN_NON_LITERAL_NULL_CONVERSION = YES;
				CLANG_WARN_OBJC_IMPLICIT_RETAIN_SELF = YES;
				CLANG_WARN_OBJC_LITERAL_CONVERSION = YES;
				CLANG_WARN_OBJC_ROOT_CLASS = YES_ERROR;
				CLANG_WARN_QUOTED_INCLUDE_IN_FRAMEWORK_HEADER = YES;
				CLANG_WARN_RANGE_LOOP_ANALYSIS = YES;
				CLANG_WARN_STRICT_PROTOTYPES = YES;
				CLANG_WARN_SUSPICIOUS_MOVE = YES;
				CLANG_WARN_UNGUARDED_AVAILABILITY = YES_AGGRESSIVE;
				CLANG_WARN_UNREACHABLE_CODE = YES;
				CLANG_WARN__DUPLICATE_METHOD_MATCH = YES;
				COPY_PHASE_STRIP = NO;
				DEBUG_INFORMATION_FORMAT = dwarf;
				ENABLE_STRICT_OBJC_MSGSEND = YES;
				ENABLE_TESTABILITY = YES;
				ENABLE_USER_SCRIPT_SANDBOXING = YES;
				GCC_C_LANGUAGE_STANDARD = gnu17;
				GCC_DYNAMIC_NO_PIC = NO;
				GCC_NO_COMMON_BLOCKS = YES;
				GCC_OPTIMIZATION_LEVEL = 0;
				GCC_PREPROCESSOR_DEFINITIONS = (
					"DEBUG=1",
					"$(inherited)",
				);
				GCC_WARN_64_TO_32_BIT_CONVERSION = YES;
				GCC_WARN_ABOUT_RETURN_TYPE = YES_ERROR;
				GCC_WARN_UNDECLARED_SELECTOR = YES;
				GCC_WARN_UNINITIALIZED_AUTOS = YES_AGGRESSIVE;
				GCC_WARN_UNUSED_FUNCTION = YES;
				GCC_WARN_UNUSED_VARIABLE = YES;
				IPHONEOS_DEPLOYMENT_TARGET = 18.2;
				LOCALIZATION_PREFERS_STRING_CATALOGS = YES;
				MTL_ENABLE_DEBUG_INFO = INCLUDE_SOURCE;
				MTL_FAST_MATH = YES;
				ONLY_ACTIVE_ARCH = YES;
				SDKROOT = iphoneos;
				SWIFT_ACTIVE_COMPILATION_CONDITIONS = "DEBUG $(inherited)";
				SWIFT_OPTIMIZATION_LEVEL = "-Onone";
			};
			name = Debug;
		};
		01D0DE122D10D395006C4845 /* Release */ = {
			isa = XCBuildConfiguration;
			buildSettings = {
				ALWAYS_SEARCH_USER_PATHS = NO;
				ASSETCATALOG_COMPILER_GENERATE_SWIFT_ASSET_SYMBOL_EXTENSIONS = YES;
				CLANG_ANALYZER_NONNULL = YES;
				CLANG_ANALYZER_NUMBER_OBJECT_CONVERSION = YES_AGGRESSIVE;
				CLANG_CXX_LANGUAGE_STANDARD = "gnu++20";
				CLANG_ENABLE_MODULES = YES;
				CLANG_ENABLE_OBJC_ARC = YES;
				CLANG_ENABLE_OBJC_WEAK = YES;
				CLANG_WARN_BLOCK_CAPTURE_AUTORELEASING = YES;
				CLANG_WARN_BOOL_CONVERSION = YES;
				CLANG_WARN_COMMA = YES;
				CLANG_WARN_CONSTANT_CONVERSION = YES;
				CLANG_WARN_DEPRECATED_OBJC_IMPLEMENTATIONS = YES;
				CLANG_WARN_DIRECT_OBJC_ISA_USAGE = YES_ERROR;
				CLANG_WARN_DOCUMENTATION_COMMENTS = YES;
				CLANG_WARN_EMPTY_BODY = YES;
				CLANG_WARN_ENUM_CONVERSION = YES;
				CLANG_WARN_INFINITE_RECURSION = YES;
				CLANG_WARN_INT_CONVERSION = YES;
				CLANG_WARN_NON_LITERAL_NULL_CONVERSION = YES;
				CLANG_WARN_OBJC_IMPLICIT_RETAIN_SELF = YES;
				CLANG_WARN_OBJC_LITERAL_CONVERSION = YES;
				CLANG_WARN_OBJC_ROOT_CLASS = YES_ERROR;
				CLANG_WARN_QUOTED_INCLUDE_IN_FRAMEWORK_HEADER = YES;
				CLANG_WARN_RANGE_LOOP_ANALYSIS = YES;
				CLANG_WARN_STRICT_PROTOTYPES = YES;
				CLANG_WARN_SUSPICIOUS_MOVE = YES;
				CLANG_WARN_UNGUARDED_AVAILABILITY = YES_AGGRESSIVE;
				CLANG_WARN_UNREACHABLE_CODE = YES;
				CLANG_WARN__DUPLICATE_METHOD_MATCH = YES;
				COPY_PHASE_STRIP = NO;
				DEBUG_INFORMATION_FORMAT = "dwarf-with-dsym";
				ENABLE_NS_ASSERTIONS = NO;
				ENABLE_STRICT_OBJC_MSGSEND = YES;
				ENABLE_USER_SCRIPT_SANDBOXING = YES;
				GCC_C_LANGUAGE_STANDARD = gnu17;
				GCC_NO_COMMON_BLOCKS = YES;
				GCC_WARN_64_TO_32_BIT_CONVERSION = YES;
				GCC_WARN_ABOUT_RETURN_TYPE = YES_ERROR;
				GCC_WARN_UNDECLARED_SELECTOR = YES;
				GCC_WARN_UNINITIALIZED_AUTOS = YES_AGGRESSIVE;
				GCC_WARN_UNUSED_FUNCTION = YES;
				GCC_WARN_UNUSED_VARIABLE = YES;
				IPHONEOS_DEPLOYMENT_TARGET = 18.2;
				LOCALIZATION_PREFERS_STRING_CATALOGS = YES;
				MTL_ENABLE_DEBUG_INFO = NO;
				MTL_FAST_MATH = YES;
				SDKROOT = iphoneos;
				SWIFT_COMPILATION_MODE = wholemodule;
				VALIDATE_PRODUCT = YES;
			};
			name = Release;
		};
		01D0DE142D10D395006C4845 /* Debug */ = {
			isa = XCBuildConfiguration;
			buildSettings = {
				ASSETCATALOG_COMPILER_APPICON_NAME = AppIcon;
				ASSETCATALOG_COMPILER_GLOBAL_ACCENT_COLOR_NAME = AccentColor;
				CODE_SIGN_STYLE = Automatic;
				CURRENT_PROJECT_VERSION = 1;
				DEVELOPMENT_ASSET_PATHS = "\"Trainigsplan/Preview Content\"";
				ENABLE_PREVIEWS = YES;
				GENERATE_INFOPLIST_FILE = YES;
				INFOPLIST_KEY_UIApplicationSceneManifest_Generation = YES;
				INFOPLIST_KEY_UIApplicationSupportsIndirectInputEvents = YES;
				INFOPLIST_KEY_UILaunchScreen_Generation = YES;
				INFOPLIST_KEY_UISupportedInterfaceOrientations_iPad = "UIInterfaceOrientationPortrait UIInterfaceOrientationPortraitUpsideDown UIInterfaceOrientationLandscapeLeft UIInterfaceOrientationLandscapeRight";
				INFOPLIST_KEY_UISupportedInterfaceOrientations_iPhone = "UIInterfaceOrientationPortrait UIInterfaceOrientationLandscapeLeft UIInterfaceOrientationLandscapeRight";
				LD_RUNPATH_SEARCH_PATHS = (
					"$(inherited)",
					"@executable_path/Frameworks",
				);
				MARKETING_VERSION = 1.0;
				PRODUCT_BUNDLE_IDENTIFIER = testo.Trainigsplan;
				PRODUCT_NAME = "$(TARGET_NAME)";
				SWIFT_EMIT_LOC_STRINGS = YES;
				SWIFT_VERSION = 5.0;
				TARGETED_DEVICE_FAMILY = "1,2";
			};
			name = Debug;
		};
		01D0DE152D10D395006C4845 /* Release */ = {
			isa = XCBuildConfiguration;
			buildSettings = {
				ASSETCATALOG_COMPILER_APPICON_NAME = AppIcon;
				ASSETCATALOG_COMPILER_GLOBAL_ACCENT_COLOR_NAME = AccentColor;
				CODE_SIGN_STYLE = Automatic;
				CURRENT_PROJECT_VERSION = 1;
				DEVELOPMENT_ASSET_PATHS = "\"Trainigsplan/Preview Content\"";
				ENABLE_PREVIEWS = YES;
				GENERATE_INFOPLIST_FILE = YES;
				INFOPLIST_KEY_UIApplicationSceneManifest_Generation = YES;
				INFOPLIST_KEY_UIApplicationSupportsIndirectInputEvents = YES;
				INFOPLIST_KEY_UILaunchScreen_Generation = YES;
				INFOPLIST_KEY_UISupportedInterfaceOrientations_iPad = "UIInterfaceOrientationPortrait UIInterfaceOrientationPortraitUpsideDown UIInterfaceOrientationLandscapeLeft UIInterfaceOrientationLandscapeRight";
				INFOPLIST_KEY_UISupportedInterfaceOrientations_iPhone = "UIInterfaceOrientationPortrait UIInterfaceOrientationLandscapeLeft UIInterfaceOrientationLandscapeRight";
				LD_RUNPATH_SEARCH_PATHS = (
					"$(inherited)",
					"@executable_path/Frameworks",
				);
				MARKETING_VERSION = 1.0;
				PRODUCT_BUNDLE_IDENTIFIER = testo.Trainigsplan;
				PRODUCT_NAME = "$(TARGET_NAME)";
				SWIFT_EMIT_LOC_STRINGS = YES;
				SWIFT_VERSION = 5.0;
				TARGETED_DEVICE_FAMILY = "1,2";
			};
			name = Release;
		};
		01D0DE172D10D395006C4845 /* Debug */ = {
			isa = XCBuildConfiguration;
			buildSettings = {
				BUNDLE_LOADER = "$(TEST_HOST)";
				CODE_SIGN_STYLE = Automatic;
				CURRENT_PROJECT_VERSION = 1;
				GENERATE_INFOPLIST_FILE = YES;
				IPHONEOS_DEPLOYMENT_TARGET = 18.2;
				MARKETING_VERSION = 1.0;
				PRODUCT_BUNDLE_IDENTIFIER = testo.TrainigsplanTests;
				PRODUCT_NAME = "$(TARGET_NAME)";
				SWIFT_EMIT_LOC_STRINGS = NO;
				SWIFT_VERSION = 5.0;
				TARGETED_DEVICE_FAMILY = "1,2";
				TEST_HOST = "$(BUILT_PRODUCTS_DIR)/Trainigsplan.app/$(BUNDLE_EXECUTABLE_FOLDER_PATH)/Trainigsplan";
			};
			name = Debug;
		};
		01D0DE182D10D395006C4845 /* Release */ = {
			isa = XCBuildConfiguration;
			buildSettings = {
				BUNDLE_LOADER = "$(TEST_HOST)";
				CODE_SIGN_STYLE = Automatic;
				CURRENT_PROJECT_VERSION = 1;
				GENERATE_INFOPLIST_FILE = YES;
				IPHONEOS_DEPLOYMENT_TARGET = 18.2;
				MARKETING_VERSION = 1.0;
				PRODUCT_BUNDLE_IDENTIFIER = testo.TrainigsplanTests;
				PRODUCT_NAME = "$(TARGET_NAME)";
				SWIFT_EMIT_LOC_STRINGS = NO;
				SWIFT_VERSION = 5.0;
				TARGETED_DEVICE_FAMILY = "1,2";
				TEST_HOST = "$(BUILT_PRODUCTS_DIR)/Trainigsplan.app/$(BUNDLE_EXECUTABLE_FOLDER_PATH)/Trainigsplan";
			};
			name = Release;
		};
		01D0DE1A2D10D395006C4845 /* Debug */ = {
			isa = XCBuildConfiguration;
			buildSettings = {
				CODE_SIGN_STYLE = Automatic;
				CURRENT_PROJECT_VERSION = 1;
				GENERATE_INFOPLIST_FILE = YES;
				MARKETING_VERSION = 1.0;
				PRODUCT_BUNDLE_IDENTIFIER = testo.TrainigsplanUITests;
				PRODUCT_NAME = "$(TARGET_NAME)";
				SWIFT_EMIT_LOC_STRINGS = NO;
				SWIFT_VERSION = 5.0;
				TARGETED_DEVICE_FAMILY = "1,2";
				TEST_TARGET_NAME = Trainigsplan;
			};
			name = Debug;
		};
		01D0DE1B2D10D395006C4845 /* Release */ = {
			isa = XCBuildConfiguration;
			buildSettings = {
				CODE_SIGN_STYLE = Automatic;
				CURRENT_PROJECT_VERSION = 1;
				GENERATE_INFOPLIST_FILE = YES;
				MARKETING_VERSION = 1.0;
				PRODUCT_BUNDLE_IDENTIFIER = testo.TrainigsplanUITests;
				PRODUCT_NAME = "$(TARGET_NAME)";
				SWIFT_EMIT_LOC_STRINGS = NO;
				SWIFT_VERSION = 5.0;
				TARGETED_DEVICE_FAMILY = "1,2";
				TEST_TARGET_NAME = Trainigsplan;
			};
			name = Release;
		};
/* End XCBuildConfiguration section */

/* Begin XCConfigurationList section */
		01D0DDEA2D10D393006C4845 /* Build configuration list for PBXProject "Trainigsplan" */ = {
			isa = XCConfigurationList;
			buildConfigurations = (
				01D0DE112D10D395006C4845 /* Debug */,
				01D0DE122D10D395006C4845 /* Release */,
			);
			defaultConfigurationIsVisible = 0;
			defaultConfigurationName = Release;
		};
		01D0DE132D10D395006C4845 /* Build configuration list for PBXNativeTarget "Trainigsplan" */ = {
			isa = XCConfigurationList;
			buildConfigurations = (
				01D0DE142D10D395006C4845 /* Debug */,
				01D0DE152D10D395006C4845 /* Release */,
			);
			defaultConfigurationIsVisible = 0;
			defaultConfigurationName = Release;
		};
		01D0DE162D10D395006C4845 /* Build configuration list for PBXNativeTarget "TrainigsplanTests" */ = {
			isa = XCConfigurationList;
			buildConfigurations = (
				01D0DE172D10D395006C4845 /* Debug */,
				01D0DE182D10D395006C4845 /* Release */,
			);
			defaultConfigurationIsVisible = 0;
			defaultConfigurationName = Release;
		};
		01D0DE192D10D395006C4845 /* Build configuration list for PBXNativeTarget "TrainigsplanUITests" */ = {
			isa = XCConfigurationList;
			buildConfigurations = (
				01D0DE1A2D10D395006C4845 /* Debug */,
				01D0DE1B2D10D395006C4845 /* Release */,
			);
			defaultConfigurationIsVisible = 0;
			defaultConfigurationName = Release;
		};
/* End XCConfigurationList section */
	};
	rootObject = 01D0DDE72D10D393006C4845 /* Project object */;
}
